dependencies:
- name: redis
  repository: https://charts.bitnami.com/bitnami
  version: 17.11.6
- name: postgresql
  repository: https://charts.bitnami.com/bitnami
  version: 13.1.5
- name: kafka
  repository: https://charts.bitnami.com/bitnami
  version: 25.3.5
digest: sha256:5b7bbc8d833f80fcd885a9cb789c1a1b28115f6d480534f7e5a39a6ff408134c
generated: "2023-10-15T00:32:14.1469845+03:30"
